lockfileVersion: '9.0'

settings:
  autoInstallPeers: true
  excludeLinksFromLockfile: false

importers:

  .:
    dependencies:
      async-reactivity:
        specifier: ^2.0.27
        version: 2.0.27
      uuid:
        specifier: ^13.0.0
        version: 13.0.0
      ws:
        specifier: ^8.19.0
        version: 8.19.0
    devDependencies:
      '@types/node':
        specifier: ^24.11.0
        version: 24.11.0
      '@types/ws':
        specifier: ^8.18.1
        version: 8.18.1
      typescript:
        specifier: ^5.9.3
        version: 5.9.3

packages:

  '@types/node@24.11.0':
    resolution: {integrity: sha512-fPxQqz4VTgPI/IQ+lj9r0h+fDR66bzoeMGHp8ASee+32OSGIkeASsoZuJixsQoVef1QJbeubcPBxKk22QVoWdw==}

  '@types/ws@8.18.1':
    resolution: {integrity: sha512-ThVF6DCVhA8kUGy+aazFQ4kXQ7E1Ty7A3ypFOe0IcJV8O/M511G99AW24irKrW56Wt44yG9+ij8FaqoBGkuBXg==}

  async-reactivity@2.0.27:
    resolution: {integrity: sha512-lHos5GzXKhVwCQQBFRhl0FaLhRddr80b+vY+6oCBe5zV7CLqeUYTGK3a1rv9aCZaPfK8x0zNi1GakFFVn9Rv7A==}

  lodash-es@4.17.23:
    resolution: {integrity: sha512-kVI48u3PZr38HdYz98UmfPnXl2DXrpdctLrFLCd3kOx1xUkOmpFPx7gCWWM5MPkL/fD8zb+Ph0QzjGFs4+hHWg==}

  typescript@5.9.3:
    resolution: {integrity: sha512-jl1vZzPDinLr9eUt3J/t7V6FgNEw9QjvBPdysz9KfQDD41fQrC2Y4vKQdiaUpFT4bXlb1RHhLpp8wtm6M5TgSw==}
    engines: {node: '>=14.17'}
    hasBin: true

  undici-types@7.16.0:
    resolution: {integrity: sha512-Zz+aZWSj8LE6zoxD+xrjh4VfkIG8Ya6LvYkZqtUQGJPZjYl53ypCaUwWqo7eI0x66KBGeRo+mlBEkMSeSZ38Nw==}

  uuid@13.0.0:
    resolution: {integrity: sha512-XQegIaBTVUjSHliKqcnFqYypAd4S+WCYt5NIeRs6w/UAry7z8Y9j5ZwRRL4kzq9U3sD6v+85er9FvkEaBpji2w==}
    hasBin: true

  ws@8.19.0:
    resolution: {integrity: sha512-blAT2mjOEIi0ZzruJfIhb3nps74PRWTCz1IjglWEEpQl5XS/UNama6u2/rjFkDDouqr4L67ry+1aGIALViWjDg==}
    engines: {node: '>=10.0.0'}
    peerDependencies:
      bufferutil: ^4.0.1
      utf-8-validate: '>=5.0.2'
    peerDependenciesMeta:
      bufferutil:
        optional: true
      utf-8-validate:
        optional: true

snapshots:

  '@types/node@24.11.0':
    dependencies:
      undici-types: 7.16.0

  '@types/ws@8.18.1':
    dependencies:
      '@types/node': 24.11.0

  async-reactivity@2.0.27:
    dependencies:
      lodash-es: 4.17.23

  lodash-es@4.17.23: {}

  typescript@5.9.3: {}

  undici-types@7.16.0: {}

  uuid@13.0.0: {}

  ws@8.19.0: {}
